
Microsoft Visual Studio Solution File, Format Version 12.00
# Visual Studio 15
Project("{FAE04EC0-301F-11D3-BF4B-00C04F79EFBC}") = "Bilboard_AMF", "Assembly-CSharp.csproj", "{A0771C3F-97A0-6436-2166-43E3E979F47D}"
EndProject
Global
	GlobalSection(SolutionConfigurationPlatforms) = preSolution
		Debug|Any CPU = Debug|Any CPU
		Release|Any CPU = Release|Any CPU
	EndGlobalSection
	GlobalSection(ProjectConfigurationPlatforms) = postSolution
		{A0771C3F-97A0-6436-2166-43E3E979F47D}.Debug|Any CPU.ActiveCfg = Debug|Any CPU
		{A0771C3F-97A0-6436-2166-43E3E979F47D}.Debug|Any CPU.Build.0 = Debug|Any CPU
		{A0771C3F-97A0-6436-2166-43E3E979F47D}.Release|Any CPU.ActiveCfg = Release|Any CPU
		{A0771C3F-97A0-6436-2166-43E3E979F47D}.Release|Any CPU.Build.0 = Release|Any CPU
	EndGlobalSection
	GlobalSection(SolutionProperties) = preSolution
		HideSolutionNode = FALSE
	EndGlobalSection
EndGlobal
